
Microsoft Visual Studio Solution File, Format Version 12.00
# Visual Studio Version 17
VisualStudioVersion = 17.11.35327.3
MinimumVisualStudioVersion = 10.0.40219.1
Project("{FAE04EC0-301F-11D3-BF4B-00C04F79EFBC}") = "Feladatok", "Feladatok\Feladatok.csproj", "{573D30EF-1213-45CB-8A08-36E758C5F888}"
EndProject
Project("{2150E333-8FDC-42A3-9474-1A3956D46DE8}") = "Solution Items", "Solution Items", "{E6E5B81F-C368-4704-BD85-EED4DC32712D}"
	ProjectSection(SolutionItems) = preProject
		.gitignore = .gitignore
	EndProjectSection
EndProject
Global
	GlobalSection(SolutionConfigurationPlatforms) = preSolution
		Debug|Any CPU = Debug|Any CPU
		Release|Any CPU = Release|Any CPU
	EndGlobalSection
	GlobalSection(ProjectConfigurationPlatforms) = postSolution
		{573D30EF-1213-45CB-8A08-36E758C5F888}.Debug|Any CPU.ActiveCfg = Debug|Any CPU
		{573D30EF-1213-45CB-8A08-36E758C5F888}.Debug|Any CPU.Build.0 = Debug|Any CPU
		{573D30EF-1213-45CB-8A08-36E758C5F888}.Release|Any CPU.ActiveCfg = Release|Any CPU
		{573D30EF-1213-45CB-8A08-36E758C5F888}.Release|Any CPU.Build.0 = Release|Any CPU
	EndGlobalSection
	GlobalSection(SolutionProperties) = preSolution
		HideSolutionNode = FALSE
	EndGlobalSection
	GlobalSection(ExtensibilityGlobals) = postSolution
		SolutionGuid = {E0DAB268-5487-4EA5-A36B-44B52C6EB854}
	EndGlobalSection
EndGlobal
